
Microsoft Visual Studio Solution File, Format Version 11.00
# Visual Studio 2010
# SharpDevelop 4.4
Project("{FAE04EC0-301F-11D3-BF4B-00C04F79EFBC}") = "Trabajo14", "Trabajo14\Trabajo14.csproj", "{BA5AD880-2994-4C97-839E-437EC550EA4A}"
EndProject
Global
	GlobalSection(SolutionConfigurationPlatforms) = preSolution
		Debug|Any CPU = Debug|Any CPU
		Release|Any CPU = Release|Any CPU
	EndGlobalSection
	GlobalSection(ProjectConfigurationPlatforms) = postSolution
		{BA5AD880-2994-4C97-839E-437EC550EA4A}.Debug|Any CPU.Build.0 = Debug|Any CPU
		{BA5AD880-2994-4C97-839E-437EC550EA4A}.Debug|Any CPU.ActiveCfg = Debug|Any CPU
		{BA5AD880-2994-4C97-839E-437EC550EA4A}.Release|Any CPU.Build.0 = Release|Any CPU
		{BA5AD880-2994-4C97-839E-437EC550EA4A}.Release|Any CPU.ActiveCfg = Release|Any CPU
	EndGlobalSection
EndGlobal
